{
  "nodes": {
    "darwin": {
      "inputs": {
        "nixpkgs": [
          "nixpkgs"
        ]
      },
      "locked": {
        "lastModified": 1648278671,
        "narHash": "sha256-1WrR9ex+rKTjZtODNUZQhkWYUprtfOkjOyo9YWL2NMs=",
        "owner": "lnl7",
        "repo": "nix-darwin",
        "rev": "4fdbb8168f61d31d3f90bb0d07f48de709c4fe79",
        "type": "github"
      },
      "original": {
        "owner": "lnl7",
        "ref": "master",
        "repo": "nix-darwin",
        "type": "github"
      }
    },
    "home-manager": {
      "inputs": {
        "nixpkgs": [
          "nixpkgs"
        ]
      },
      "locked": {
        "lastModified": 1649130493,
        "narHash": "sha256-tp2UxeS1A5ESb+I/rh4GoD0DH7edOGdc2fsP6D8o27Y=",
        "owner": "nix-community",
        "repo": "home-manager",
        "rev": "07b941f0c45ac4af6732d96f4cb6142824eee3df",
        "type": "github"
      },
      "original": {
        "owner": "nix-community",
        "repo": "home-manager",
        "type": "github"
      }
    },
    "nixpkgs": {
      "locked": {
        "lastModified": 1648744337,
        "narHash": "sha256-bYe1dFJAXovjqiaPKrmAbSBEK5KUkgwVaZcTbSoJ7hg=",
        "owner": "nixos",
        "repo": "nixpkgs",
        "rev": "0a58eebd8ec65ffdef2ce9562784123a73922052",
        "type": "github"
      },
      "original": {
        "owner": "nixos",
        "ref": "nixpkgs-21.11-darwin",
        "repo": "nixpkgs",
        "type": "github"
      }
    },
    "nur": {
      "locked": {
        "lastModified": 1649172308,
        "narHash": "sha256-w7MLB8xObjjyLOCb7ekygHjNbRZ2xhp7NZr4mBx95wU=",
        "owner": "nix-community",
        "repo": "NUR",
        "rev": "ebf91f918382d2d890b43882c3be35c32889b9de",
        "type": "github"
      },
      "original": {
        "owner": "nix-community",
        "repo": "NUR",
        "type": "github"
      }
    },
    "root": {
      "inputs": {
        "darwin": "darwin",
        "home-manager": "home-manager",
        "nixpkgs": "nixpkgs",
        "nur": "nur"
      }
    }
  },
  "root": "root",
  "version": 7
}
