{
  "nodes": {
    "darwin": {
      "inputs": {
        "nixpkgs": [
          "nixpkgs"
        ]
      },
      "locked": {
        "lastModified": 1651916036,
        "narHash": "sha256-UuD9keUGm4IuVEV6wdSYbuRm7CwfXE63hVkzKDjVsh4=",
        "owner": "lnl7",
        "repo": "nix-darwin",
        "rev": "2f2bdf658d2b79bada78dc914af99c53cad37cba",
        "type": "github"
      },
      "original": {
        "owner": "lnl7",
        "ref": "master",
        "repo": "nix-darwin",
        "type": "github"
      }
    },
    "home-manager": {
      "inputs": {
        "nixpkgs": [
          "nixpkgs"
        ]
      },
      "locked": {
        "lastModified": 1651886851,
        "narHash": "sha256-kbXOJSf1uho0/7P54nZkJdJY3oAelIjyc6tfiRhaXJI=",
        "owner": "nix-community",
        "repo": "home-manager",
        "rev": "882bd8118bdbff3a6e53e5ced393932b351ce2f6",
        "type": "github"
      },
      "original": {
        "owner": "nix-community",
        "repo": "home-manager",
        "type": "github"
      }
    },
    "nixpkgs": {
      "locked": {
        "lastModified": 1652020977,
        "narHash": "sha256-9hDlNbrxzD/pLlXmoQ6gzxbYiSAKrj7uHYUWNByLFlI=",
        "owner": "nixos",
        "repo": "nixpkgs",
        "rev": "3c5ae9be1f18c790ea890ef8decbd0946c0b4c04",
        "type": "github"
      },
      "original": {
        "owner": "nixos",
        "ref": "nixpkgs-21.11-darwin",
        "repo": "nixpkgs",
        "type": "github"
      }
    },
    "nixpkgs-unstable": {
      "locked": {
        "lastModified": 1652059086,
        "narHash": "sha256-CjHSbr6LSFkN4YBdTB6+8ZQmSqhsbiXqAeQ9hQJ/gBI=",
        "owner": "nixos",
        "repo": "nixpkgs",
        "rev": "934e076a441e318897aa17540f6cf7caadc69028",
        "type": "github"
      },
      "original": {
        "owner": "nixos",
        "ref": "nixpkgs-unstable",
        "repo": "nixpkgs",
        "type": "github"
      }
    },
    "nur": {
      "locked": {
        "lastModified": 1652082379,
        "narHash": "sha256-Bxmwvd2OJfp/9u0FGJ797Iow9vwsZwF3aEQicOLP9iM=",
        "owner": "nix-community",
        "repo": "NUR",
        "rev": "577348d358c3909b467db6e267ce8b16dbc1761c",
        "type": "github"
      },
      "original": {
        "owner": "nix-community",
        "repo": "NUR",
        "type": "github"
      }
    },
    "root": {
      "inputs": {
        "darwin": "darwin",
        "home-manager": "home-manager",
        "nixpkgs": "nixpkgs",
        "nixpkgs-unstable": "nixpkgs-unstable",
        "nur": "nur"
      }
    }
  },
  "root": "root",
  "version": 7
}
